// !$*UTF8*$!
{
	archiveVersion = 1;
	classes = {
	};
	objectVersion = 55;
	objects = {

/* Begin PBXBuildFile section */
		7657E30E284F122A008DCA54 /* SourceManageApp.swift in Sources */ = {isa = PBXBuildFile; fileRef = 7657E30D284F122A008DCA54 /* SourceManageApp.swift */; };
		7657E310284F122A008DCA54 /* ContentView.swift in Sources */ = {isa = PBXBuildFile; fileRef = 7657E30F284F122A008DCA54 /* ContentView.swift */; };
		7657E312284F122A008DCA54 /* Assets.xcassets in Resources */ = {isa = PBXBuildFile; fileRef = 7657E311284F122A008DCA54 /* Assets.xcassets */; };
		7657E315284F122A008DCA54 /* Preview Assets.xcassets in Resources */ = {isa = PBXBuildFile; fileRef = 7657E314284F122A008DCA54 /* Preview Assets.xcassets */; };
		7657E31F284F122A008DCA54 /* SourceManageTests.swift in Sources */ = {isa = PBXBuildFile; fileRef = 7657E31E284F122A008DCA54 /* SourceManageTests.swift */; };
		7657E329284F122A008DCA54 /* SourceManageUITests.swift in Sources */ = {isa = PBXBuildFile; fileRef = 7657E328284F122A008DCA54 /* SourceManageUITests.swift */; };
		7657E32B284F122A008DCA54 /* SourceManageUITestsLaunchTests.swift in Sources */ = {isa = PBXBuildFile; fileRef = 7657E32A284F122A008DCA54 /* SourceManageUITestsLaunchTests.swift */; };
/* End PBXBuildFile section */

/* Begin PBXContainerItemProxy section */
		7657E31B284F122A008DCA54 /* PBXContainerItemProxy */ = {
			isa = PBXContainerItemProxy;
			containerPortal = 7657E302284F122A008DCA54 /* Project object */;
			proxyType = 1;
			remoteGlobalIDString = 7657E309284F122A008DCA54;
			remoteInfo = SourceManage;
		};
		7657E325284F122A008DCA54 /* PBXContainerItemProxy */ = {
			isa = PBXContainerItemProxy;
			containerPortal = 7657E302284F122A008DCA54 /* Project object */;
			proxyType = 1;
			remoteGlobalIDString = 7657E309284F122A008DCA54;
			remoteInfo = SourceManage;
		};
/* End PBXContainerItemProxy section */

/* Begin PBXFileReference section */
		7657E30A284F122A008DCA54 /* SourceManage.app */ = {isa = PBXFileReference; explicitFileType = wrapper.application; includeInIndex = 0; path = SourceManage.app; sourceTree = BUILT_PRODUCTS_DIR; };
		7657E30D284F122A008DCA54 /* SourceManageApp.swift */ = {isa = PBXFileReference; lastKnownFileType = sourcecode.swift; path = SourceManageApp.swift; sourceTree = "<group>"; };
		7657E30F284F122A008DCA54 /* ContentView.swift */ = {isa = PBXFileReference; lastKnownFileType = sourcecode.swift; path = ContentView.swift; sourceTree = "<group>"; };
		7657E311284F122A008DCA54 /* Assets.xcassets */ = {isa = PBXFileReference; lastKnownFileType = folder.assetcatalog; path = Assets.xcassets; sourceTree = "<group>"; };
		7657E314284F122A008DCA54 /* Preview Assets.xcassets */ = {isa = PBXFileReference; lastKnownFileType = folder.assetcatalog; path = "Preview Assets.xcassets"; sourceTree = "<group>"; };
		7657E31A284F122A008DCA54 /* SourceManageTests.xctest */ = {isa = PBXFileReference; explicitFileType = wrapper.cfbundle; includeInIndex = 0; path = SourceManageTests.xctest; sourceTree = BUILT_PRODUCTS_DIR; };
		7657E31E284F122A008DCA54 /* SourceManageTests.swift */ = {isa = PBXFileReference; lastKnownFileType = sourcecode.swift; path = SourceManageTests.swift; sourceTree = "<group>"; };
		7657E324284F122A008DCA54 /* SourceManageUITests.xctest */ = {isa = PBXFileReference; explicitFileType = wrapper.cfbundle; includeInIndex = 0; path = SourceManageUITests.xctest; sourceTree = BUILT_PRODUCTS_DIR; };
		7657E328284F122A008DCA54 /* SourceManageUITests.swift */ = {isa = PBXFileReference; lastKnownFileType = sourcecode.swift; path = SourceManageUITests.swift; sourceTree = "<group>"; };
		7657E32A284F122A008DCA54 /* SourceManageUITestsLaunchTests.swift */ = {isa = PBXFileReference; lastKnownFileType = sourcecode.swift; path = SourceManageUITestsLaunchTests.swift; sourceTree = "<group>"; };
/* End PBXFileReference section */

/* Begin PBXFrameworksBuildPhase section */
		7657E307284F122A008DCA54 /* Frameworks */ = {
			isa = PBXFrameworksBuildPhase;
			buildActionMask = 2147483647;
			files = (
			);
			runOnlyForDeploymentPostprocessing = 0;
		};
		7657E317284F122A008DCA54 /* Frameworks */ = {
			isa = PBXFrameworksBuildPhase;
			buildActionMask = 2147483647;
			files = (
			);
			runOnlyForDeploymentPostprocessing = 0;
		};
		7657E321284F122A008DCA54 /* Frameworks */ = {
			isa = PBXFrameworksBuildPhase;
			buildActionMask = 2147483647;
			files = (
			);
			runOnlyForDeploymentPostprocessing = 0;
		};
/* End PBXFrameworksBuildPhase section */

/* Begin PBXGroup section */
		7657E301284F122A008DCA54 = {
			isa = PBXGroup;
			children = (
				7657E30C284F122A008DCA54 /* SourceManage */,
				7657E31D284F122A008DCA54 /* SourceManageTests */,
				7657E327284F122A008DCA54 /* SourceManageUITests */,
				7657E30B284F122A008DCA54 /* Products */,
			);
			sourceTree = "<group>";
		};
		7657E30B284F122A008DCA54 /* Products */ = {
			isa = PBXGroup;
			children = (
				7657E30A284F122A008DCA54 /* SourceManage.app */,
				7657E31A284F122A008DCA54 /* SourceManageTests.xctest */,
				7657E324284F122A008DCA54 /* SourceManageUITests.xctest */,
			);
			name = Products;
			sourceTree = "<group>";
		};
		7657E30C284F122A008DCA54 /* SourceManage */ = {
			isa = PBXGroup;
			children = (
				7657E30D284F122A008DCA54 /* SourceManageApp.swift */,
				7657E30F284F122A008DCA54 /* ContentView.swift */,
				7657E311284F122A008DCA54 /* Assets.xcassets */,
				7657E313284F122A008DCA54 /* Preview Content */,
			);
			path = SourceManage;
			sourceTree = "<group>";
		};
		7657E313284F122A008DCA54 /* Preview Content */ = {
			isa = PBXGroup;
			children = (
				7657E314284F122A008DCA54 /* Preview Assets.xcassets */,
			);
			path = "Preview Content";
			sourceTree = "<group>";
		};
		7657E31D284F122A008DCA54 /* SourceManageTests */ = {
			isa = PBXGroup;
			children = (
				7657E31E284F122A008DCA54 /* SourceManageTests.swift */,
			);
			path = SourceManageTests;
			sourceTree = "<group>";
		};
		7657E327284F122A008DCA54 /* SourceManageUITests */ = {
			isa = PBXGroup;
			children = (
				7657E328284F122A008DCA54 /* SourceManageUITests.swift */,
				7657E32A284F122A008DCA54 /* SourceManageUITestsLaunchTests.swift */,
			);
			path = SourceManageUITests;
			sourceTree = "<group>";
		};
/* End PBXGroup section */

/* Begin PBXNativeTarget section */
		7657E309284F122A008DCA54 /* SourceManage */ = {
			isa = PBXNativeTarget;
			buildConfigurationList = 7657E32E284F122A008DCA54 /* Build configuration list for PBXNativeTarget "SourceManage" */;
			buildPhases = (
				7657E306284F122A008DCA54 /* Sources */,
				7657E307284F122A008DCA54 /* Frameworks */,
				7657E308284F122A008DCA54 /* Resources */,
			);
			buildRules = (
			);
			dependencies = (
			);
			name = SourceManage;
			productName = SourceManage;
			productReference = 7657E30A284F122A008DCA54 /* SourceManage.app */;
			productType = "com.apple.product-type.application";
		};
		7657E319284F122A008DCA54 /* SourceManageTests */ = {
			isa = PBXNativeTarget;
			buildConfigurationList = 7657E331284F122A008DCA54 /* Build configuration list for PBXNativeTarget "SourceManageTests" */;
			buildPhases = (
				7657E316284F122A008DCA54 /* Sources */,
				7657E317284F122A008DCA54 /* Frameworks */,
				7657E318284F122A008DCA54 /* Resources */,
			);
			buildRules = (
			);
			dependencies = (
				7657E31C284F122A008DCA54 /* PBXTargetDependency */,
			);
			name = SourceManageTests;
			productName = SourceManageTests;
			productReference = 7657E31A284F122A008DCA54 /* SourceManageTests.xctest */;
			productType = "com.apple.product-type.bundle.unit-test";
		};
		7657E323284F122A008DCA54 /* SourceManageUITests */ = {
			isa = PBXNativeTarget;
			buildConfigurationList = 7657E334284F122A008DCA54 /* Build configuration list for PBXNativeTarget "SourceManageUITests" */;
			buildPhases = (
				7657E320284F122A008DCA54 /* Sources */,
				7657E321284F122A008DCA54 /* Frameworks */,
				7657E322284F122A008DCA54 /* Resources */,
			);
			buildRules = (
			);
			dependencies = (
				7657E326284F122A008DCA54 /* PBXTargetDependency */,
			);
			name = SourceManageUITests;
			productName = SourceManageUITests;
			productReference = 7657E324284F122A008DCA54 /* SourceManageUITests.xctest */;
			productType = "com.apple.product-type.bundle.ui-testing";
		};
/* End PBXNativeTarget section */

/* Begin PBXProject section */
		7657E302284F122A008DCA54 /* Project object */ = {
			isa = PBXProject;
			attributes = {
				BuildIndependentTargetsInParallel = 1;
				LastSwiftUpdateCheck = 1340;
				LastUpgradeCheck = 1340;
				TargetAttributes = {
					7657E309284F122A008DCA54 = {
						CreatedOnToolsVersion = 13.4.1;
					};
					7657E319284F122A008DCA54 = {
						CreatedOnToolsVersion = 13.4.1;
						TestTargetID = 7657E309284F122A008DCA54;
					};
					7657E323284F122A008DCA54 = {
						CreatedOnToolsVersion = 13.4.1;
						TestTargetID = 7657E309284F122A008DCA54;
					};
				};
			};
			buildConfigurationList = 7657E305284F122A008DCA54 /* Build configuration list for PBXProject "SourceManage" */;
			compatibilityVersion = "Xcode 13.0";
			developmentRegion = en;
			hasScannedForEncodings = 0;
			knownRegions = (
				en,
				Base,
			);
			mainGroup = 7657E301284F122A008DCA54;
			productRefGroup = 7657E30B284F122A008DCA54 /* Products */;
			projectDirPath = "";
			projectRoot = "";
			targets = (
				7657E309284F122A008DCA54 /* SourceManage */,
				7657E319284F122A008DCA54 /* SourceManageTests */,
				7657E323284F122A008DCA54 /* SourceManageUITests */,
			);
		};
/* End PBXProject section */

/* Begin PBXResourcesBuildPhase section */
		7657E308284F122A008DCA54 /* Resources */ = {
			isa = PBXResourcesBuildPhase;
			buildActionMask = 2147483647;
			files = (
				7657E315284F122A008DCA54 /* Preview Assets.xcassets in Resources */,
				7657E312284F122A008DCA54 /* Assets.xcassets in Resources */,
			);
			runOnlyForDeploymentPostprocessing = 0;
		};
		7657E318284F122A008DCA54 /* Resources */ = {
			isa = PBXResourcesBuildPhase;
			buildActionMask = 2147483647;
			files = (
			);
			runOnlyForDeploymentPostprocessing = 0;
		};
		7657E322284F122A008DCA54 /* Resources */ = {
			isa = PBXResourcesBuildPhase;
			buildActionMask = 2147483647;
			files = (
			);
			runOnlyForDeploymentPostprocessing = 0;
		};
/* End PBXResourcesBuildPhase section */

/* Begin PBXSourcesBuildPhase section */
		7657E306284F122A008DCA54 /* Sources */ = {
			isa = PBXSourcesBuildPhase;
			buildActionMask = 2147483647;
			files = (
				7657E310284F122A008DCA54 /* ContentView.swift in Sources */,
				7657E30E284F122A008DCA54 /* SourceManageApp.swift in Sources */,
			);
			runOnlyForDeploymentPostprocessing = 0;
		};
		7657E316284F122A008DCA54 /* Sources */ = {
			isa = PBXSourcesBuildPhase;
			buildActionMask = 2147483647;
			files = (
				7657E31F284F122A008DCA54 /* SourceManageTests.swift in Sources */,
			);
			runOnlyForDeploymentPostprocessing = 0;
		};
		7657E320284F122A008DCA54 /* Sources */ = {
			isa = PBXSourcesBuildPhase;
			buildActionMask = 2147483647;
			files = (
				7657E32B284F122A008DCA54 /* SourceManageUITestsLaunchTests.swift in Sources */,
				7657E329284F122A008DCA54 /* SourceManageUITests.swift in Sources */,
			);
			runOnlyForDeploymentPostprocessing = 0;
		};
/* End PBXSourcesBuildPhase section */

/* Begin PBXTargetDependency section */
		7657E31C284F122A008DCA54 /* PBXTargetDependency */ = {
			isa = PBXTargetDependency;
			target = 7657E309284F122A008DCA54 /* SourceManage */;
			targetProxy = 7657E31B284F122A008DCA54 /* PBXContainerItemProxy */;
		};
		7657E326284F122A008DCA54 /* PBXTargetDependency */ = {
			isa = PBXTargetDependency;
			target = 7657E309284F122A008DCA54 /* SourceManage */;
			targetProxy = 7657E325284F122A008DCA54 /* PBXContainerItemProxy */;
		};
/* End PBXTargetDependency section */

/* Begin XCBuildConfiguration section */
		7657E32C284F122A008DCA54 /* Debug */ = {
			isa = XCBuildConfiguration;
			buildSettings = {
				ALWAYS_SEARCH_USER_PATHS = NO;
				CLANG_ANALYZER_NONNULL = YES;
				CLANG_ANALYZER_NUMBER_OBJECT_CONVERSION = YES_AGGRESSIVE;
				CLANG_CXX_LANGUAGE_STANDARD = "gnu++17";
				CLANG_ENABLE_MODULES = YES;
				CLANG_ENABLE_OBJC_ARC = YES;
				CLANG_ENABLE_OBJC_WEAK = YES;
				CLANG_WARN_BLOCK_CAPTURE_AUTORELEASING = YES;
				CLANG_WARN_BOOL_CONVERSION = YES;
				CLANG_WARN_COMMA = YES;
				CLANG_WARN_CONSTANT_CONVERSION = YES;
				CLANG_WARN_DEPRECATED_OBJC_IMPLEMENTATIONS = YES;
				CLANG_WARN_DIRECT_OBJC_ISA_USAGE = YES_ERROR;
				CLANG_WARN_DOCUMENTATION_COMMENTS = YES;
				CLANG_WARN_EMPTY_BODY = YES;
				CLANG_WARN_ENUM_CONVERSION = YES;
				CLANG_WARN_INFINITE_RECURSION = YES;
				CLANG_WARN_INT_CONVERSION = YES;
				CLANG_WARN_NON_LITERAL_NULL_CONVERSION = YES;
				CLANG_WARN_OBJC_IMPLICIT_RETAIN_SELF = YES;
				CLANG_WARN_OBJC_LITERAL_CONVERSION = YES;
				CLANG_WARN_OBJC_ROOT_CLASS = YES_ERROR;
				CLANG_WARN_QUOTED_INCLUDE_IN_FRAMEWORK_HEADER = YES;
				CLANG_WARN_RANGE_LOOP_ANALYSIS = YES;
				CLANG_WARN_STRICT_PROTOTYPES = YES;
				CLANG_WARN_SUSPICIOUS_MOVE = YES;
				CLANG_WARN_UNGUARDED_AVAILABILITY = YES_AGGRESSIVE;
				CLANG_WARN_UNREACHABLE_CODE = YES;
				CLANG_WARN__DUPLICATE_METHOD_MATCH = YES;
				COPY_PHASE_STRIP = NO;
				DEBUG_INFORMATION_FORMAT = dwarf;
				ENABLE_STRICT_OBJC_MSGSEND = YES;
				ENABLE_TESTABILITY = YES;
				GCC_C_LANGUAGE_STANDARD = gnu11;
				GCC_DYNAMIC_NO_PIC = NO;
				GCC_NO_COMMON_BLOCKS = YES;
				GCC_OPTIMIZATION_LEVEL = 0;
				GCC_PREPROCESSOR_DEFINITIONS = (
					"DEBUG=1",
					"$(inherited)",
				);
				GCC_WARN_64_TO_32_BIT_CONVERSION = YES;
				GCC_WARN_ABOUT_RETURN_TYPE = YES_ERROR;
				GCC_WARN_UNDECLARED_SELECTOR = YES;
				GCC_WARN_UNINITIALIZED_AUTOS = YES_AGGRESSIVE;
				GCC_WARN_UNUSED_FUNCTION = YES;
				GCC_WARN_UNUSED_VARIABLE = YES;
				IPHONEOS_DEPLOYMENT_TARGET = 15.5;
				MTL_ENABLE_DEBUG_INFO = INCLUDE_SOURCE;
				MTL_FAST_MATH = YES;
				ONLY_ACTIVE_ARCH = YES;
				SDKROOT = iphoneos;
				SWIFT_ACTIVE_COMPILATION_CONDITIONS = DEBUG;
				SWIFT_OPTIMIZATION_LEVEL = "-Onone";
			};
			name = Debug;
		};
		7657E32D284F122A008DCA54 /* Release */ = {
			isa = XCBuildConfiguration;
			buildSettings = {
				ALWAYS_SEARCH_USER_PATHS = NO;
				CLANG_ANALYZER_NONNULL = YES;
				CLANG_ANALYZER_NUMBER_OBJECT_CONVERSION = YES_AGGRESSIVE;
				CLANG_CXX_LANGUAGE_STANDARD = "gnu++17";
				CLANG_ENABLE_MODULES = YES;
				CLANG_ENABLE_OBJC_ARC = YES;
				CLANG_ENABLE_OBJC_WEAK = YES;
				CLANG_WARN_BLOCK_CAPTURE_AUTORELEASING = YES;
				CLANG_WARN_BOOL_CONVERSION = YES;
				CLANG_WARN_COMMA = YES;
				CLANG_WARN_CONSTANT_CONVERSION = YES;
				CLANG_WARN_DEPRECATED_OBJC_IMPLEMENTATIONS = YES;
				CLANG_WARN_DIRECT_OBJC_ISA_USAGE = YES_ERROR;
				CLANG_WARN_DOCUMENTATION_COMMENTS = YES;
				CLANG_WARN_EMPTY_BODY = YES;
				CLANG_WARN_ENUM_CONVERSION = YES;
				CLANG_WARN_INFINITE_RECURSION = YES;
				CLANG_WARN_INT_CONVERSION = YES;
				CLANG_WARN_NON_LITERAL_NULL_CONVERSION = YES;
				CLANG_WARN_OBJC_IMPLICIT_RETAIN_SELF = YES;
				CLANG_WARN_OBJC_LITERAL_CONVERSION = YES;
				CLANG_WARN_OBJC_ROOT_CLASS = YES_ERROR;
				CLANG_WARN_QUOTED_INCLUDE_IN_FRAMEWORK_HEADER = YES;
				CLANG_WARN_RANGE_LOOP_ANALYSIS = YES;
				CLANG_WARN_STRICT_PROTOTYPES = YES;
				CLANG_WARN_SUSPICIOUS_MOVE = YES;
				CLANG_WARN_UNGUARDED_AVAILABILITY = YES_AGGRESSIVE;
				CLANG_WARN_UNREACHABLE_CODE = YES;
				CLANG_WARN__DUPLICATE_METHOD_MATCH = YES;
				COPY_PHASE_STRIP = NO;
				DEBUG_INFORMATION_FORMAT = "dwarf-with-dsym";
				ENABLE_NS_ASSERTIONS = NO;
				ENABLE_STRICT_OBJC_MSGSEND = YES;
				GCC_C_LANGUAGE_STANDARD = gnu11;
				GCC_NO_COMMON_BLOCKS = YES;
				GCC_WARN_64_TO_32_BIT_CONVERSION = YES;
				GCC_WARN_ABOUT_RETURN_TYPE = YES_ERROR;
				GCC_WARN_UNDECLARED_SELECTOR = YES;
				GCC_WARN_UNINITIALIZED_AUTOS = YES_AGGRESSIVE;
				GCC_WARN_UNUSED_FUNCTION = YES;
				GCC_WARN_UNUSED_VARIABLE = YES;
				IPHONEOS_DEPLOYMENT_TARGET = 15.5;
				MTL_ENABLE_DEBUG_INFO = NO;
				MTL_FAST_MATH = YES;
				SDKROOT = iphoneos;
				SWIFT_COMPILATION_MODE = wholemodule;
				SWIFT_OPTIMIZATION_LEVEL = "-O";
				VALIDATE_PRODUCT = YES;
			};
			name = Release;
		};
		7657E32F284F122A008DCA54 /* Debug */ = {
			isa = XCBuildConfiguration;
			buildSettings = {
				ASSETCATALOG_COMPILER_APPICON_NAME = AppIcon;
				ASSETCATALOG_COMPILER_GLOBAL_ACCENT_COLOR_NAME = AccentColor;
				CODE_SIGN_STYLE = Automatic;
				CURRENT_PROJECT_VERSION = 1;
				DEVELOPMENT_ASSET_PATHS = "\"SourceManage/Preview Content\"";
				DEVELOPMENT_TEAM = Z8QC3ZG5CU;
				ENABLE_PREVIEWS = YES;
				GENERATE_INFOPLIST_FILE = YES;
				INFOPLIST_KEY_UIApplicationSceneManifest_Generation = YES;
				INFOPLIST_KEY_UIApplicationSupportsIndirectInputEvents = YES;
				INFOPLIST_KEY_UILaunchScreen_Generation = YES;
				INFOPLIST_KEY_UISupportedInterfaceOrientations_iPad = "UIInterfaceOrientationPortrait UIInterfaceOrientationPortraitUpsideDown UIInterfaceOrientationLandscapeLeft UIInterfaceOrientationLandscapeRight";
				INFOPLIST_KEY_UISupportedInterfaceOrientations_iPhone = "UIInterfaceOrientationPortrait UIInterfaceOrientationLandscapeLeft UIInterfaceOrientationLandscapeRight";
				LD_RUNPATH_SEARCH_PATHS = (
					"$(inherited)",
					"@executable_path/Frameworks",
				);
				MARKETING_VERSION = 1.0;
				PRODUCT_BUNDLE_IDENTIFIER = rootOneAi.SourceManage;
				PRODUCT_NAME = "$(TARGET_NAME)";
				SWIFT_EMIT_LOC_STRINGS = YES;
				SWIFT_VERSION = 5.0;
				TARGETED_DEVICE_FAMILY = "1,2";
			};
			name = Debug;
		};
		7657E330284F122A008DCA54 /* Release */ = {
			isa = XCBuildConfiguration;
			buildSettings = {
				ASSETCATALOG_COMPILER_APPICON_NAME = AppIcon;
				ASSETCATALOG_COMPILER_GLOBAL_ACCENT_COLOR_NAME = AccentColor;
				CODE_SIGN_STYLE = Automatic;
				CURRENT_PROJECT_VERSION = 1;
				DEVELOPMENT_ASSET_PATHS = "\"SourceManage/Preview Content\"";
				DEVELOPMENT_TEAM = Z8QC3ZG5CU;
				ENABLE_PREVIEWS = YES;
				GENERATE_INFOPLIST_FILE = YES;
				INFOPLIST_KEY_UIApplicationSceneManifest_Generation = YES;
				INFOPLIST_KEY_UIApplicationSupportsIndirectInputEvents = YES;
				INFOPLIST_KEY_UILaunchScreen_Generation = YES;
				INFOPLIST_KEY_UISupportedInterfaceOrientations_iPad = "UIInterfaceOrientationPortrait UIInterfaceOrientationPortraitUpsideDown UIInterfaceOrientationLandscapeLeft UIInterfaceOrientationLandscapeRight";
				INFOPLIST_KEY_UISupportedInterfaceOrientations_iPhone = "UIInterfaceOrientationPortrait UIInterfaceOrientationLandscapeLeft UIInterfaceOrientationLandscapeRight";
				LD_RUNPATH_SEARCH_PATHS = (
					"$(inherited)",
					"@executable_path/Frameworks",
				);
				MARKETING_VERSION = 1.0;
				PRODUCT_BUNDLE_IDENTIFIER = rootOneAi.SourceManage;
				PRODUCT_NAME = "$(TARGET_NAME)";
				SWIFT_EMIT_LOC_STRINGS = YES;
				SWIFT_VERSION = 5.0;
				TARGETED_DEVICE_FAMILY = "1,2";
			};
			name = Release;
		};
		7657E332284F122A008DCA54 /* Debug */ = {
			isa = XCBuildConfiguration;
			buildSettings = {
				ALWAYS_EMBED_SWIFT_STANDARD_LIBRARIES = YES;
				BUNDLE_LOADER = "$(TEST_HOST)";
				CODE_SIGN_STYLE = Automatic;
				CURRENT_PROJECT_VERSION = 1;
				DEVELOPMENT_TEAM = Z8QC3ZG5CU;
				GENERATE_INFOPLIST_FILE = YES;
				IPHONEOS_DEPLOYMENT_TARGET = 15.5;
				MARKETING_VERSION = 1.0;
				PRODUCT_BUNDLE_IDENTIFIER = rootOneAi.SourceManageTests;
				PRODUCT_NAME = "$(TARGET_NAME)";
				SWIFT_EMIT_LOC_STRINGS = NO;
				SWIFT_VERSION = 5.0;
				TARGETED_DEVICE_FAMILY = "1,2";
				TEST_HOST = "$(BUILT_PRODUCTS_DIR)/SourceManage.app/SourceManage";
			};
			name = Debug;
		};
		7657E333284F122A008DCA54 /* Release */ = {
			isa = XCBuildConfiguration;
			buildSettings = {
				ALWAYS_EMBED_SWIFT_STANDARD_LIBRARIES = YES;
				BUNDLE_LOADER = "$(TEST_HOST)";
				CODE_SIGN_STYLE = Automatic;
				CURRENT_PROJECT_VERSION = 1;
				DEVELOPMENT_TEAM = Z8QC3ZG5CU;
				GENERATE_INFOPLIST_FILE = YES;
				IPHONEOS_DEPLOYMENT_TARGET = 15.5;
				MARKETING_VERSION = 1.0;
				PRODUCT_BUNDLE_IDENTIFIER = rootOneAi.SourceManageTests;
				PRODUCT_NAME = "$(TARGET_NAME)";
				SWIFT_EMIT_LOC_STRINGS = NO;
				SWIFT_VERSION = 5.0;
				TARGETED_DEVICE_FAMILY = "1,2";
				TEST_HOST = "$(BUILT_PRODUCTS_DIR)/SourceManage.app/SourceManage";
			};
			name = Release;
		};
		7657E335284F122A008DCA54 /* Debug */ = {
			isa = XCBuildConfiguration;
			buildSettings = {
				ALWAYS_EMBED_SWIFT_STANDARD_LIBRARIES = YES;
				CODE_SIGN_STYLE = Automatic;
				CURRENT_PROJECT_VERSION = 1;
				DEVELOPMENT_TEAM = Z8QC3ZG5CU;
				GENERATE_INFOPLIST_FILE = YES;
				MARKETING_VERSION = 1.0;
				PRODUCT_BUNDLE_IDENTIFIER = rootOneAi.SourceManageUITests;
				PRODUCT_NAME = "$(TARGET_NAME)";
				SWIFT_EMIT_LOC_STRINGS = NO;
				SWIFT_VERSION = 5.0;
				TARGETED_DEVICE_FAMILY = "1,2";
				TEST_TARGET_NAME = SourceManage;
			};
			name = Debug;
		};
		7657E336284F122A008DCA54 /* Release */ = {
			isa = XCBuildConfiguration;
			buildSettings = {
				ALWAYS_EMBED_SWIFT_STANDARD_LIBRARIES = YES;
				CODE_SIGN_STYLE = Automatic;
				CURRENT_PROJECT_VERSION = 1;
				DEVELOPMENT_TEAM = Z8QC3ZG5CU;
				GENERATE_INFOPLIST_FILE = YES;
				MARKETING_VERSION = 1.0;
				PRODUCT_BUNDLE_IDENTIFIER = rootOneAi.SourceManageUITests;
				PRODUCT_NAME = "$(TARGET_NAME)";
				SWIFT_EMIT_LOC_STRINGS = NO;
				SWIFT_VERSION = 5.0;
				TARGETED_DEVICE_FAMILY = "1,2";
				TEST_TARGET_NAME = SourceManage;
			};
			name = Release;
		};
/* End XCBuildConfiguration section */

/* Begin XCConfigurationList section */
		7657E305284F122A008DCA54 /* Build configuration list for PBXProject "SourceManage" */ = {
			isa = XCConfigurationList;
			buildConfigurations = (
				7657E32C284F122A008DCA54 /* Debug */,
				7657E32D284F122A008DCA54 /* Release */,
			);
			defaultConfigurationIsVisible = 0;
			defaultConfigurationName = Release;
		};
		7657E32E284F122A008DCA54 /* Build configuration list for PBXNativeTarget "SourceManage" */ = {
			isa = XCConfigurationList;
			buildConfigurations = (
				7657E32F284F122A008DCA54 /* Debug */,
				7657E330284F122A008DCA54 /* Release */,
			);
			defaultConfigurationIsVisible = 0;
			defaultConfigurationName = Release;
		};
		7657E331284F122A008DCA54 /* Build configuration list for PBXNativeTarget "SourceManageTests" */ = {
			isa = XCConfigurationList;
			buildConfigurations = (
				7657E332284F122A008DCA54 /* Debug */,
				7657E333284F122A008DCA54 /* Release */,
			);
			defaultConfigurationIsVisible = 0;
			defaultConfigurationName = Release;
		};
		7657E334284F122A008DCA54 /* Build configuration list for PBXNativeTarget "SourceManageUITests" */ = {
			isa = XCConfigurationList;
			buildConfigurations = (
				7657E335284F122A008DCA54 /* Debug */,
				7657E336284F122A008DCA54 /* Release */,
			);
			defaultConfigurationIsVisible = 0;
			defaultConfigurationName = Release;
		};
/* End XCConfigurationList section */
	};
	rootObject = 7657E302284F122A008DCA54 /* Project object */;
}
